
Microsoft Visual Studio Solution File, Format Version 12.00
# Visual Studio 15
VisualStudioVersion = 15.0.28307.1525
MinimumVisualStudioVersion = 10.0.40219.1
Project("{FAE04EC0-301F-11D3-BF4B-00C04F79EFBC}") = "SumOfExponentialNumbers", "SumOfExponentialNumbers\SumOfExponentialNumbers.csproj", "{2943DC9D-B01E-4162-B6DE-6627DA025A2E}"
EndProject
Global
	GlobalSection(SolutionConfigurationPlatforms) = preSolution
		Debug|Any CPU = Debug|Any CPU
		Release|Any CPU = Release|Any CPU
	EndGlobalSection
	GlobalSection(ProjectConfigurationPlatforms) = postSolution
		{2943DC9D-B01E-4162-B6DE-6627DA025A2E}.Debug|Any CPU.ActiveCfg = Debug|Any CPU
		{2943DC9D-B01E-4162-B6DE-6627DA025A2E}.Debug|Any CPU.Build.0 = Debug|Any CPU
		{2943DC9D-B01E-4162-B6DE-6627DA025A2E}.Release|Any CPU.ActiveCfg = Release|Any CPU
		{2943DC9D-B01E-4162-B6DE-6627DA025A2E}.Release|Any CPU.Build.0 = Release|Any CPU
	EndGlobalSection
	GlobalSection(SolutionProperties) = preSolution
		HideSolutionNode = FALSE
	EndGlobalSection
	GlobalSection(ExtensibilityGlobals) = postSolution
		SolutionGuid = {20E09ED5-34AA-4B8D-AC3B-A4079337B92B}
	EndGlobalSection
EndGlobal
